
Microsoft Visual Studio Solution File, Format Version 12.00
# Visual Studio Version 17
VisualStudioVersion = 17.8.34309.116
MinimumVisualStudioVersion = 10.0.40219.1
Project("{FAE04EC0-301F-11D3-BF4B-00C04F79EFBC}") = "Faster", "Faster\Faster.csproj", "{C20611D4-3FAB-40B6-9498-1D46B7A4AB79}"
EndProject
Global
	GlobalSection(SolutionConfigurationPlatforms) = preSolution
		Debug|Any CPU = Debug|Any CPU
		Release|Any CPU = Release|Any CPU
	EndGlobalSection
	GlobalSection(ProjectConfigurationPlatforms) = postSolution
		{C20611D4-3FAB-40B6-9498-1D46B7A4AB79}.Debug|Any CPU.ActiveCfg = Debug|Any CPU
		{C20611D4-3FAB-40B6-9498-1D46B7A4AB79}.Debug|Any CPU.Build.0 = Debug|Any CPU
		{C20611D4-3FAB-40B6-9498-1D46B7A4AB79}.Release|Any CPU.ActiveCfg = Release|Any CPU
		{C20611D4-3FAB-40B6-9498-1D46B7A4AB79}.Release|Any CPU.Build.0 = Release|Any CPU
	EndGlobalSection
	GlobalSection(SolutionProperties) = preSolution
		HideSolutionNode = FALSE
	EndGlobalSection
	GlobalSection(ExtensibilityGlobals) = postSolution
		SolutionGuid = {B6C12704-75F8-40CF-BF6B-EE3F8E8E30E8}
	EndGlobalSection
EndGlobal
